PODS:
  - Flutter (1.0.0)
  - instrumentisto-libwebrtc-bin (145.0.7632.116)
  - integration_test (0.0.1):
    - Flutter
  - medea_flutter_webrtc (0.17.1):
    - Flutter
    - instrumentisto-libwebrtc-bin (= 145.0.7632.116)

DEPENDENCIES:
  - Flutter (from `Flutter`)
  - integration_test (from `.symlinks/plugins/integration_test/ios`)
  - medea_flutter_webrtc (from `.symlinks/plugins/medea_flutter_webrtc/ios`)

SPEC REPOS:
  trunk:
    - instrumentisto-libwebrtc-bin

EXTERNAL SOURCES:
  Flutter:
    :path: Flutter
  integration_test:
    :path: ".symlinks/plugins/integration_test/ios"
  medea_flutter_webrtc:
    :path: ".symlinks/plugins/medea_flutter_webrtc/ios"

SPEC CHECKSUMS:
  Flutter: cabc95a1d2626b1b06e7179b784ebcf0c0cde467
  instrumentisto-libwebrtc-bin: 053551d60d97f039b5c7ec5182ffce2f736f59be
  integration_test: 4a889634ef21a45d28d50d622cf412dc6d9f586e
  medea_flutter_webrtc: 11d924eb187df58e32e7b95a9f52495d76448c1d

PODFILE CHECKSUM: 96cbd66feeeb9e49d88210ea2b661316b312dda7

COCOAPODS: 1.16.2
