PODS:
  - Flutter (1.0.0)
  - instrumentisto-libwebrtc-bin (139.0.7258.127)
  - integration_test (0.0.1):
    - Flutter
  - medea_flutter_webrtc (0.16.0-dev):
    - Flutter
    - instrumentisto-libwebrtc-bin (= 139.0.7258.127)

DEPENDENCIES:
  - Flutter (from `Flutter`)
  - integration_test (from `.symlinks/plugins/integration_test/ios`)
  - medea_flutter_webrtc (from `.symlinks/plugins/medea_flutter_webrtc/ios`)

SPEC REPOS:
  trunk:
    - instrumentisto-libwebrtc-bin

EXTERNAL SOURCES:
  Flutter:
    :path: Flutter
  integration_test:
    :path: ".symlinks/plugins/integration_test/ios"
  medea_flutter_webrtc:
    :path: ".symlinks/plugins/medea_flutter_webrtc/ios"

SPEC CHECKSUMS:
  Flutter: cabc95a1d2626b1b06e7179b784ebcf0c0cde467
  instrumentisto-libwebrtc-bin: 62dde0e3f92b32b6c88f643aabd541c871f37155
  integration_test: 4a889634ef21a45d28d50d622cf412dc6d9f586e
  medea_flutter_webrtc: 1bda978ae350f27396364d9caad0a42ece3fcd90

PODFILE CHECKSUM: 1dbc3cbd33fc238907ad8f1ddbe5de6cf2d9c193

COCOAPODS: 1.16.2
