PODS:
  - Flutter (1.0.0)
  - instrumentisto-libwebrtc-bin (139.0.7258.138)
  - integration_test (0.0.1):
    - Flutter
  - medea_flutter_webrtc (0.16.0-dev):
    - Flutter
    - instrumentisto-libwebrtc-bin (= 139.0.7258.138)

DEPENDENCIES:
  - Flutter (from `Flutter`)
  - integration_test (from `.symlinks/plugins/integration_test/ios`)
  - medea_flutter_webrtc (from `.symlinks/plugins/medea_flutter_webrtc/ios`)

SPEC REPOS:
  trunk:
    - instrumentisto-libwebrtc-bin

EXTERNAL SOURCES:
  Flutter:
    :path: Flutter
  integration_test:
    :path: ".symlinks/plugins/integration_test/ios"
  medea_flutter_webrtc:
    :path: ".symlinks/plugins/medea_flutter_webrtc/ios"

SPEC CHECKSUMS:
  Flutter: cabc95a1d2626b1b06e7179b784ebcf0c0cde467
  instrumentisto-libwebrtc-bin: e84843177b7ba2b2200140cd541a7b5b4903a600
  integration_test: 252f60fa39af5e17c3aa9899d35d908a0721b573
  medea_flutter_webrtc: 4c2dfac5ac084916bb2c64d7a7e812d1374631f9

PODFILE CHECKSUM: 1dbc3cbd33fc238907ad8f1ddbe5de6cf2d9c193

COCOAPODS: 1.16.2
